
Microsoft Visual Studio Solution File, Format Version 12.00
# Visual Studio Version 17
VisualStudioVersion = 17.0.31903.59
MinimumVisualStudioVersion = 10.0.40219.1
Project("{FAE04EC0-301F-11D3-BF4B-00C04F79EFBC}") = "PrimeService", "PrimeService\PrimeService.csproj", "{54E7351B-D19E-4F4B-8233-924E8D235CCB}"
EndProject
Project("{FAE04EC0-301F-11D3-BF4B-00C04F79EFBC}") = "PrimeService.Tests", "PrimeService.Tests\PrimeService.Tests.csproj", "{14850CD3-2856-457D-820F-7C939DBABE8D}"
EndProject
Global
	GlobalSection(SolutionConfigurationPlatforms) = preSolution
		Debug|Any CPU = Debug|Any CPU
		Release|Any CPU = Release|Any CPU
	EndGlobalSection
	GlobalSection(SolutionProperties) = preSolution
		HideSolutionNode = FALSE
	EndGlobalSection
	GlobalSection(ProjectConfigurationPlatforms) = postSolution
		{54E7351B-D19E-4F4B-8233-924E8D235CCB}.Debug|Any CPU.ActiveCfg = Debug|Any CPU
		{54E7351B-D19E-4F4B-8233-924E8D235CCB}.Debug|Any CPU.Build.0 = Debug|Any CPU
		{54E7351B-D19E-4F4B-8233-924E8D235CCB}.Release|Any CPU.ActiveCfg = Release|Any CPU
		{54E7351B-D19E-4F4B-8233-924E8D235CCB}.Release|Any CPU.Build.0 = Release|Any CPU
		{14850CD3-2856-457D-820F-7C939DBABE8D}.Debug|Any CPU.ActiveCfg = Debug|Any CPU
		{14850CD3-2856-457D-820F-7C939DBABE8D}.Debug|Any CPU.Build.0 = Debug|Any CPU
		{14850CD3-2856-457D-820F-7C939DBABE8D}.Release|Any CPU.ActiveCfg = Release|Any CPU
		{14850CD3-2856-457D-820F-7C939DBABE8D}.Release|Any CPU.Build.0 = Release|Any CPU
	EndGlobalSection
EndGlobal
